
Microsoft Visual Studio Solution File, Format Version 12.00
# Visual Studio Version 16
VisualStudioVersion = 16.0.31313.79
MinimumVisualStudioVersion = 10.0.40219.1
Project("{FAE04EC0-301F-11D3-BF4B-00C04F79EFBC}") = "B4X_conflict_fixer", "B4X_conflict_fixer.csproj", "{75715943-593D-4107-88CC-F538AD040D22}"
EndProject
Global
	GlobalSection(SolutionConfigurationPlatforms) = preSolution
		Debug|Any CPU = Debug|Any CPU
		Release|Any CPU = Release|Any CPU
	EndGlobalSection
	GlobalSection(ProjectConfigurationPlatforms) = postSolution
		{75715943-593D-4107-88CC-F538AD040D22}.Debug|Any CPU.ActiveCfg = Debug|Any CPU
		{75715943-593D-4107-88CC-F538AD040D22}.Debug|Any CPU.Build.0 = Debug|Any CPU
		{75715943-593D-4107-88CC-F538AD040D22}.Release|Any CPU.ActiveCfg = Release|Any CPU
		{75715943-593D-4107-88CC-F538AD040D22}.Release|Any CPU.Build.0 = Release|Any CPU
	EndGlobalSection
	GlobalSection(SolutionProperties) = preSolution
		HideSolutionNode = FALSE
	EndGlobalSection
	GlobalSection(ExtensibilityGlobals) = postSolution
		SolutionGuid = {59B27D01-8EB4-4411-ACF8-3599FE69AA84}
	EndGlobalSection
EndGlobal
